{
  "object": {
    "pins": [
      {
        "package": "data-flow",
        "repositoryURL": "https://github.com/miejoy/data-flow.git",
        "state": {
          "branch": "main",
          "revision": "54793306ee827991d1f5ebf97be834ad52fb7484",
          "version": null
        }
      }
    ]
  },
  "version": 1
}
