{
  "object": {
    "pins": [
      {
        "package": "data-flow",
        "repositoryURL": "https://github.com/miejoy/data-flow.git",
        "state": {
          "branch": "main",
          "revision": "387b92a15827659c58127cde35dce45b6adb882f",
          "version": null
        }
      }
    ]
  },
  "version": 1
}
