{
  "object": {
    "pins": [
      {
        "package": "data-flow",
        "repositoryURL": "https://github.com/miejoy/data-flow.git",
        "state": {
          "branch": "main",
          "revision": "71cf7dc59e37c877b09a3a597f85103763a5033e",
          "version": null
        }
      }
    ]
  },
  "version": 1
}
